
Microsoft Visual Studio Solution File, Format Version 12.00
# Visual Studio Version 16
VisualStudioVersion = 16.0.29424.173
MinimumVisualStudioVersion = 10.0.40219.1
Project("{FAE04EC0-301F-11D3-BF4B-00C04F79EFBC}") = "LIDAR-app", "LIDAR-app\LIDAR-app.csproj", "{461EE471-3EA4-4C41-B824-F8A7E1A46367}"
EndProject
Project("{2150E333-8FDC-42A3-9474-1A3956D46DE8}") = "LIDAR-form", "LIDAR-form", "{8E6C2742-3B92-47D0-BCFA-6A29B9EC0A68}"
EndProject
Project("{2150E333-8FDC-42A3-9474-1A3956D46DE8}") = "Fluff and icons", "Fluff and icons", "{B0DB1EE0-921D-4E7E-960C-57C13618ADBA}"
	ProjectSection(SolutionItems) = preProject
		LIDAR-app\Properties\plex-icon.ico = LIDAR-app\Properties\plex-icon.ico
	EndProjectSection
EndProject
Project("{2150E333-8FDC-42A3-9474-1A3956D46DE8}") = "Arduino-comms", "Arduino-comms", "{E0C97BA1-2DA8-4379-9B83-7926ADAA42EF}"
EndProject
Project("{FAE04EC0-301F-11D3-BF4B-00C04F79EFBC}") = "SerialTest", "SerialTest\SerialTest.csproj", "{CDCB9CD9-EBD7-4888-9BB4-BD0159B97119}"
EndProject
Global
	GlobalSection(SolutionConfigurationPlatforms) = preSolution
		Debug|Any CPU = Debug|Any CPU
		Debug|Mixed Platforms = Debug|Mixed Platforms
		Debug|x86 = Debug|x86
		Release|Any CPU = Release|Any CPU
		Release|Mixed Platforms = Release|Mixed Platforms
		Release|x86 = Release|x86
	EndGlobalSection
	GlobalSection(ProjectConfigurationPlatforms) = postSolution
		{461EE471-3EA4-4C41-B824-F8A7E1A46367}.Debug|Any CPU.ActiveCfg = Debug|Any CPU
		{461EE471-3EA4-4C41-B824-F8A7E1A46367}.Debug|Any CPU.Build.0 = Debug|Any CPU
		{461EE471-3EA4-4C41-B824-F8A7E1A46367}.Debug|Mixed Platforms.ActiveCfg = Debug|Any CPU
		{461EE471-3EA4-4C41-B824-F8A7E1A46367}.Debug|Mixed Platforms.Build.0 = Debug|Any CPU
		{461EE471-3EA4-4C41-B824-F8A7E1A46367}.Debug|x86.ActiveCfg = Debug|Any CPU
		{461EE471-3EA4-4C41-B824-F8A7E1A46367}.Debug|x86.Build.0 = Debug|Any CPU
		{461EE471-3EA4-4C41-B824-F8A7E1A46367}.Release|Any CPU.ActiveCfg = Release|Any CPU
		{461EE471-3EA4-4C41-B824-F8A7E1A46367}.Release|Any CPU.Build.0 = Release|Any CPU
		{461EE471-3EA4-4C41-B824-F8A7E1A46367}.Release|Mixed Platforms.ActiveCfg = Release|Any CPU
		{461EE471-3EA4-4C41-B824-F8A7E1A46367}.Release|Mixed Platforms.Build.0 = Release|Any CPU
		{461EE471-3EA4-4C41-B824-F8A7E1A46367}.Release|x86.ActiveCfg = Release|Any CPU
		{461EE471-3EA4-4C41-B824-F8A7E1A46367}.Release|x86.Build.0 = Release|Any CPU
		{CDCB9CD9-EBD7-4888-9BB4-BD0159B97119}.Debug|Any CPU.ActiveCfg = Debug|Any CPU
		{CDCB9CD9-EBD7-4888-9BB4-BD0159B97119}.Debug|Any CPU.Build.0 = Debug|Any CPU
		{CDCB9CD9-EBD7-4888-9BB4-BD0159B97119}.Debug|Mixed Platforms.ActiveCfg = Debug|Any CPU
		{CDCB9CD9-EBD7-4888-9BB4-BD0159B97119}.Debug|Mixed Platforms.Build.0 = Debug|Any CPU
		{CDCB9CD9-EBD7-4888-9BB4-BD0159B97119}.Debug|x86.ActiveCfg = Debug|Any CPU
		{CDCB9CD9-EBD7-4888-9BB4-BD0159B97119}.Debug|x86.Build.0 = Debug|Any CPU
		{CDCB9CD9-EBD7-4888-9BB4-BD0159B97119}.Release|Any CPU.ActiveCfg = Release|Any CPU
		{CDCB9CD9-EBD7-4888-9BB4-BD0159B97119}.Release|Any CPU.Build.0 = Release|Any CPU
		{CDCB9CD9-EBD7-4888-9BB4-BD0159B97119}.Release|Mixed Platforms.ActiveCfg = Release|Any CPU
		{CDCB9CD9-EBD7-4888-9BB4-BD0159B97119}.Release|Mixed Platforms.Build.0 = Release|Any CPU
		{CDCB9CD9-EBD7-4888-9BB4-BD0159B97119}.Release|x86.ActiveCfg = Release|Any CPU
		{CDCB9CD9-EBD7-4888-9BB4-BD0159B97119}.Release|x86.Build.0 = Release|Any CPU
	EndGlobalSection
	GlobalSection(SolutionProperties) = preSolution
		HideSolutionNode = FALSE
	EndGlobalSection
	GlobalSection(NestedProjects) = preSolution
		{461EE471-3EA4-4C41-B824-F8A7E1A46367} = {8E6C2742-3B92-47D0-BCFA-6A29B9EC0A68}
		{CDCB9CD9-EBD7-4888-9BB4-BD0159B97119} = {E0C97BA1-2DA8-4379-9B83-7926ADAA42EF}
	EndGlobalSection
	GlobalSection(ExtensibilityGlobals) = postSolution
		SolutionGuid = {796375A6-6948-402D-A2AE-953512EB2BB6}
	EndGlobalSection
	GlobalSection(TestCaseManagementSettings) = postSolution
		CategoryFile = OpenGL.vsmdi
	EndGlobalSection
EndGlobal
