
Microsoft Visual Studio Solution File, Format Version 12.00
# Visual Studio Version 16
VisualStudioVersion = 16.0.29424.173
MinimumVisualStudioVersion = 10.0.40219.1
Project("{FAE04EC0-301F-11D3-BF4B-00C04F79EFBC}") = "LIDAR-app", "LIDAR-app\LIDAR-app.csproj", "{461EE471-3EA4-4C41-B824-F8A7E1A46367}"
EndProject
Project("{2150E333-8FDC-42A3-9474-1A3956D46DE8}") = "LIDAR-form", "LIDAR-form", "{8E6C2742-3B92-47D0-BCFA-6A29B9EC0A68}"
EndProject
Project("{2150E333-8FDC-42A3-9474-1A3956D46DE8}") = "Fluff and icons", "Fluff and icons", "{B0DB1EE0-921D-4E7E-960C-57C13618ADBA}"
	ProjectSection(SolutionItems) = preProject
		LIDAR-app\Properties\plex-icon.ico = LIDAR-app\Properties\plex-icon.ico
	EndProjectSection
EndProject
Project("{2150E333-8FDC-42A3-9474-1A3956D46DE8}") = "Arduino-comms", "Arduino-comms", "{E0C97BA1-2DA8-4379-9B83-7926ADAA42EF}"
EndProject
Project("{FAE04EC0-301F-11D3-BF4B-00C04F79EFBC}") = "SerialTest", "SerialTest\SerialTest.csproj", "{CDCB9CD9-EBD7-4888-9BB4-BD0159B97119}"
EndProject
Project("{2150E333-8FDC-42A3-9474-1A3956D46DE8}") = "Visualization", "Visualization", "{B3A3FB4A-6D59-4D16-940F-E3D1B6F56A48}"
EndProject
Project("{FAE04EC0-301F-11D3-BF4B-00C04F79EFBC}") = "OpenTKLib", "packages\0.9.0.9 OpenGL Sources\OpenTKLib\OpenTKLib.csproj", "{DF1F2330-134C-4EC6-A97C-3011D3072F0A}"
EndProject
Project("{FAE04EC0-301F-11D3-BF4B-00C04F79EFBC}") = "OpenTKTest", "packages\0.9.0.9 OpenGL Sources\OpenTKTest\OpenTKTest.csproj", "{546A9835-C8BC-4C43-A01C-C6603AF6674E}"
EndProject
Project("{2150E333-8FDC-42A3-9474-1A3956D46DE8}") = "Solution Items", "Solution Items", "{96239FE9-353E-494A-8A9A-DD31CC652952}"
EndProject
Project("{FAE04EC0-301F-11D3-BF4B-00C04F79EFBC}") = "_UnitTestsOpenTK", "packages\0.9.0.9 OpenGL Sources\UnitTestsOpenTK\_UnitTestsOpenTK.csproj", "{6AF79162-C28E-4251-9DBB-5A37E58F33B4}"
EndProject
Project("{FAE04EC0-301F-11D3-BF4B-00C04F79EFBC}") = "_UnitTestsRunAll", "packages\0.9.0.9 OpenGL Sources\UnitTestsRunAll\_UnitTestsRunAll.csproj", "{7A011760-0445-46F0-8409-D4F21672470A}"
EndProject
Global
	GlobalSection(SolutionConfigurationPlatforms) = preSolution
		Debug|Any CPU = Debug|Any CPU
		Debug|Mixed Platforms = Debug|Mixed Platforms
		Debug|x64 = Debug|x64
		Debug|x86 = Debug|x86
		Documentation|Any CPU = Documentation|Any CPU
		Documentation|Mixed Platforms = Documentation|Mixed Platforms
		Documentation|x64 = Documentation|x64
		Documentation|x86 = Documentation|x86
		Nsis|Any CPU = Nsis|Any CPU
		Nsis|Mixed Platforms = Nsis|Mixed Platforms
		Nsis|x64 = Nsis|x64
		Nsis|x86 = Nsis|x86
		Release|Any CPU = Release|Any CPU
		Release|Mixed Platforms = Release|Mixed Platforms
		Release|x64 = Release|x64
		Release|x86 = Release|x86
		Release-Signed|Any CPU = Release-Signed|Any CPU
		Release-Signed|Mixed Platforms = Release-Signed|Mixed Platforms
		Release-Signed|x64 = Release-Signed|x64
		Release-Signed|x86 = Release-Signed|x86
	EndGlobalSection
	GlobalSection(ProjectConfigurationPlatforms) = postSolution
		{461EE471-3EA4-4C41-B824-F8A7E1A46367}.Debug|Any CPU.ActiveCfg = Debug|Any CPU
		{461EE471-3EA4-4C41-B824-F8A7E1A46367}.Debug|Any CPU.Build.0 = Debug|Any CPU
		{461EE471-3EA4-4C41-B824-F8A7E1A46367}.Debug|Mixed Platforms.ActiveCfg = Debug|Any CPU
		{461EE471-3EA4-4C41-B824-F8A7E1A46367}.Debug|Mixed Platforms.Build.0 = Debug|Any CPU
		{461EE471-3EA4-4C41-B824-F8A7E1A46367}.Debug|x64.ActiveCfg = Debug|Any CPU
		{461EE471-3EA4-4C41-B824-F8A7E1A46367}.Debug|x64.Build.0 = Debug|Any CPU
		{461EE471-3EA4-4C41-B824-F8A7E1A46367}.Debug|x86.ActiveCfg = Debug|Any CPU
		{461EE471-3EA4-4C41-B824-F8A7E1A46367}.Debug|x86.Build.0 = Debug|Any CPU
		{461EE471-3EA4-4C41-B824-F8A7E1A46367}.Documentation|Any CPU.ActiveCfg = Debug|Any CPU
		{461EE471-3EA4-4C41-B824-F8A7E1A46367}.Documentation|Any CPU.Build.0 = Debug|Any CPU
		{461EE471-3EA4-4C41-B824-F8A7E1A46367}.Documentation|Mixed Platforms.ActiveCfg = Debug|Any CPU
		{461EE471-3EA4-4C41-B824-F8A7E1A46367}.Documentation|Mixed Platforms.Build.0 = Debug|Any CPU
		{461EE471-3EA4-4C41-B824-F8A7E1A46367}.Documentation|x64.ActiveCfg = Debug|Any CPU
		{461EE471-3EA4-4C41-B824-F8A7E1A46367}.Documentation|x64.Build.0 = Debug|Any CPU
		{461EE471-3EA4-4C41-B824-F8A7E1A46367}.Documentation|x86.ActiveCfg = Debug|Any CPU
		{461EE471-3EA4-4C41-B824-F8A7E1A46367}.Documentation|x86.Build.0 = Debug|Any CPU
		{461EE471-3EA4-4C41-B824-F8A7E1A46367}.Nsis|Any CPU.ActiveCfg = Release|Any CPU
		{461EE471-3EA4-4C41-B824-F8A7E1A46367}.Nsis|Any CPU.Build.0 = Release|Any CPU
		{461EE471-3EA4-4C41-B824-F8A7E1A46367}.Nsis|Mixed Platforms.ActiveCfg = Release|Any CPU
		{461EE471-3EA4-4C41-B824-F8A7E1A46367}.Nsis|Mixed Platforms.Build.0 = Release|Any CPU
		{461EE471-3EA4-4C41-B824-F8A7E1A46367}.Nsis|x64.ActiveCfg = Release|Any CPU
		{461EE471-3EA4-4C41-B824-F8A7E1A46367}.Nsis|x64.Build.0 = Release|Any CPU
		{461EE471-3EA4-4C41-B824-F8A7E1A46367}.Nsis|x86.ActiveCfg = Release|Any CPU
		{461EE471-3EA4-4C41-B824-F8A7E1A46367}.Nsis|x86.Build.0 = Release|Any CPU
		{461EE471-3EA4-4C41-B824-F8A7E1A46367}.Release|Any CPU.ActiveCfg = Release|Any CPU
		{461EE471-3EA4-4C41-B824-F8A7E1A46367}.Release|Any CPU.Build.0 = Release|Any CPU
		{461EE471-3EA4-4C41-B824-F8A7E1A46367}.Release|Mixed Platforms.ActiveCfg = Release|Any CPU
		{461EE471-3EA4-4C41-B824-F8A7E1A46367}.Release|Mixed Platforms.Build.0 = Release|Any CPU
		{461EE471-3EA4-4C41-B824-F8A7E1A46367}.Release|x64.ActiveCfg = Release|Any CPU
		{461EE471-3EA4-4C41-B824-F8A7E1A46367}.Release|x64.Build.0 = Release|Any CPU
		{461EE471-3EA4-4C41-B824-F8A7E1A46367}.Release|x86.ActiveCfg = Release|Any CPU
		{461EE471-3EA4-4C41-B824-F8A7E1A46367}.Release|x86.Build.0 = Release|Any CPU
		{461EE471-3EA4-4C41-B824-F8A7E1A46367}.Release-Signed|Any CPU.ActiveCfg = Release|Any CPU
		{461EE471-3EA4-4C41-B824-F8A7E1A46367}.Release-Signed|Any CPU.Build.0 = Release|Any CPU
		{461EE471-3EA4-4C41-B824-F8A7E1A46367}.Release-Signed|Mixed Platforms.ActiveCfg = Release|Any CPU
		{461EE471-3EA4-4C41-B824-F8A7E1A46367}.Release-Signed|Mixed Platforms.Build.0 = Release|Any CPU
		{461EE471-3EA4-4C41-B824-F8A7E1A46367}.Release-Signed|x64.ActiveCfg = Release|Any CPU
		{461EE471-3EA4-4C41-B824-F8A7E1A46367}.Release-Signed|x64.Build.0 = Release|Any CPU
		{461EE471-3EA4-4C41-B824-F8A7E1A46367}.Release-Signed|x86.ActiveCfg = Release|Any CPU
		{461EE471-3EA4-4C41-B824-F8A7E1A46367}.Release-Signed|x86.Build.0 = Release|Any CPU
		{CDCB9CD9-EBD7-4888-9BB4-BD0159B97119}.Debug|Any CPU.ActiveCfg = Debug|Any CPU
		{CDCB9CD9-EBD7-4888-9BB4-BD0159B97119}.Debug|Any CPU.Build.0 = Debug|Any CPU
		{CDCB9CD9-EBD7-4888-9BB4-BD0159B97119}.Debug|Mixed Platforms.ActiveCfg = Debug|Any CPU
		{CDCB9CD9-EBD7-4888-9BB4-BD0159B97119}.Debug|Mixed Platforms.Build.0 = Debug|Any CPU
		{CDCB9CD9-EBD7-4888-9BB4-BD0159B97119}.Debug|x64.ActiveCfg = Debug|Any CPU
		{CDCB9CD9-EBD7-4888-9BB4-BD0159B97119}.Debug|x64.Build.0 = Debug|Any CPU
		{CDCB9CD9-EBD7-4888-9BB4-BD0159B97119}.Debug|x86.ActiveCfg = Debug|Any CPU
		{CDCB9CD9-EBD7-4888-9BB4-BD0159B97119}.Debug|x86.Build.0 = Debug|Any CPU
		{CDCB9CD9-EBD7-4888-9BB4-BD0159B97119}.Documentation|Any CPU.ActiveCfg = Debug|Any CPU
		{CDCB9CD9-EBD7-4888-9BB4-BD0159B97119}.Documentation|Any CPU.Build.0 = Debug|Any CPU
		{CDCB9CD9-EBD7-4888-9BB4-BD0159B97119}.Documentation|Mixed Platforms.ActiveCfg = Debug|Any CPU
		{CDCB9CD9-EBD7-4888-9BB4-BD0159B97119}.Documentation|Mixed Platforms.Build.0 = Debug|Any CPU
		{CDCB9CD9-EBD7-4888-9BB4-BD0159B97119}.Documentation|x64.ActiveCfg = Debug|Any CPU
		{CDCB9CD9-EBD7-4888-9BB4-BD0159B97119}.Documentation|x64.Build.0 = Debug|Any CPU
		{CDCB9CD9-EBD7-4888-9BB4-BD0159B97119}.Documentation|x86.ActiveCfg = Debug|Any CPU
		{CDCB9CD9-EBD7-4888-9BB4-BD0159B97119}.Documentation|x86.Build.0 = Debug|Any CPU
		{CDCB9CD9-EBD7-4888-9BB4-BD0159B97119}.Nsis|Any CPU.ActiveCfg = Release|Any CPU
		{CDCB9CD9-EBD7-4888-9BB4-BD0159B97119}.Nsis|Any CPU.Build.0 = Release|Any CPU
		{CDCB9CD9-EBD7-4888-9BB4-BD0159B97119}.Nsis|Mixed Platforms.ActiveCfg = Release|Any CPU
		{CDCB9CD9-EBD7-4888-9BB4-BD0159B97119}.Nsis|Mixed Platforms.Build.0 = Release|Any CPU
		{CDCB9CD9-EBD7-4888-9BB4-BD0159B97119}.Nsis|x64.ActiveCfg = Release|Any CPU
		{CDCB9CD9-EBD7-4888-9BB4-BD0159B97119}.Nsis|x64.Build.0 = Release|Any CPU
		{CDCB9CD9-EBD7-4888-9BB4-BD0159B97119}.Nsis|x86.ActiveCfg = Release|Any CPU
		{CDCB9CD9-EBD7-4888-9BB4-BD0159B97119}.Nsis|x86.Build.0 = Release|Any CPU
		{CDCB9CD9-EBD7-4888-9BB4-BD0159B97119}.Release|Any CPU.ActiveCfg = Release|Any CPU
		{CDCB9CD9-EBD7-4888-9BB4-BD0159B97119}.Release|Any CPU.Build.0 = Release|Any CPU
		{CDCB9CD9-EBD7-4888-9BB4-BD0159B97119}.Release|Mixed Platforms.ActiveCfg = Release|Any CPU
		{CDCB9CD9-EBD7-4888-9BB4-BD0159B97119}.Release|Mixed Platforms.Build.0 = Release|Any CPU
		{CDCB9CD9-EBD7-4888-9BB4-BD0159B97119}.Release|x64.ActiveCfg = Release|Any CPU
		{CDCB9CD9-EBD7-4888-9BB4-BD0159B97119}.Release|x64.Build.0 = Release|Any CPU
		{CDCB9CD9-EBD7-4888-9BB4-BD0159B97119}.Release|x86.ActiveCfg = Release|Any CPU
		{CDCB9CD9-EBD7-4888-9BB4-BD0159B97119}.Release|x86.Build.0 = Release|Any CPU
		{CDCB9CD9-EBD7-4888-9BB4-BD0159B97119}.Release-Signed|Any CPU.ActiveCfg = Release|Any CPU
		{CDCB9CD9-EBD7-4888-9BB4-BD0159B97119}.Release-Signed|Any CPU.Build.0 = Release|Any CPU
		{CDCB9CD9-EBD7-4888-9BB4-BD0159B97119}.Release-Signed|Mixed Platforms.ActiveCfg = Release|Any CPU
		{CDCB9CD9-EBD7-4888-9BB4-BD0159B97119}.Release-Signed|Mixed Platforms.Build.0 = Release|Any CPU
		{CDCB9CD9-EBD7-4888-9BB4-BD0159B97119}.Release-Signed|x64.ActiveCfg = Release|Any CPU
		{CDCB9CD9-EBD7-4888-9BB4-BD0159B97119}.Release-Signed|x64.Build.0 = Release|Any CPU
		{CDCB9CD9-EBD7-4888-9BB4-BD0159B97119}.Release-Signed|x86.ActiveCfg = Release|Any CPU
		{CDCB9CD9-EBD7-4888-9BB4-BD0159B97119}.Release-Signed|x86.Build.0 = Release|Any CPU
		{DF1F2330-134C-4EC6-A97C-3011D3072F0A}.Debug|Any CPU.ActiveCfg = Debug|Any CPU
		{DF1F2330-134C-4EC6-A97C-3011D3072F0A}.Debug|Any CPU.Build.0 = Debug|Any CPU
		{DF1F2330-134C-4EC6-A97C-3011D3072F0A}.Debug|Mixed Platforms.ActiveCfg = Debug|Any CPU
		{DF1F2330-134C-4EC6-A97C-3011D3072F0A}.Debug|Mixed Platforms.Build.0 = Debug|Any CPU
		{DF1F2330-134C-4EC6-A97C-3011D3072F0A}.Debug|x64.ActiveCfg = Debug|Any CPU
		{DF1F2330-134C-4EC6-A97C-3011D3072F0A}.Debug|x86.ActiveCfg = Debug|Any CPU
		{DF1F2330-134C-4EC6-A97C-3011D3072F0A}.Debug|x86.Build.0 = Debug|Any CPU
		{DF1F2330-134C-4EC6-A97C-3011D3072F0A}.Documentation|Any CPU.ActiveCfg = Debug|Any CPU
		{DF1F2330-134C-4EC6-A97C-3011D3072F0A}.Documentation|Any CPU.Build.0 = Debug|Any CPU
		{DF1F2330-134C-4EC6-A97C-3011D3072F0A}.Documentation|Mixed Platforms.ActiveCfg = Debug|Any CPU
		{DF1F2330-134C-4EC6-A97C-3011D3072F0A}.Documentation|Mixed Platforms.Build.0 = Debug|Any CPU
		{DF1F2330-134C-4EC6-A97C-3011D3072F0A}.Documentation|x64.ActiveCfg = Debug|Any CPU
		{DF1F2330-134C-4EC6-A97C-3011D3072F0A}.Documentation|x86.ActiveCfg = Debug|Any CPU
		{DF1F2330-134C-4EC6-A97C-3011D3072F0A}.Documentation|x86.Build.0 = Debug|Any CPU
		{DF1F2330-134C-4EC6-A97C-3011D3072F0A}.Nsis|Any CPU.ActiveCfg = Release|Any CPU
		{DF1F2330-134C-4EC6-A97C-3011D3072F0A}.Nsis|Any CPU.Build.0 = Release|Any CPU
		{DF1F2330-134C-4EC6-A97C-3011D3072F0A}.Nsis|Mixed Platforms.ActiveCfg = Release|Any CPU
		{DF1F2330-134C-4EC6-A97C-3011D3072F0A}.Nsis|Mixed Platforms.Build.0 = Release|Any CPU
		{DF1F2330-134C-4EC6-A97C-3011D3072F0A}.Nsis|x64.ActiveCfg = Release|Any CPU
		{DF1F2330-134C-4EC6-A97C-3011D3072F0A}.Nsis|x86.ActiveCfg = Release|Any CPU
		{DF1F2330-134C-4EC6-A97C-3011D3072F0A}.Nsis|x86.Build.0 = Release|Any CPU
		{DF1F2330-134C-4EC6-A97C-3011D3072F0A}.Release|Any CPU.ActiveCfg = Release|Any CPU
		{DF1F2330-134C-4EC6-A97C-3011D3072F0A}.Release|Any CPU.Build.0 = Release|Any CPU
		{DF1F2330-134C-4EC6-A97C-3011D3072F0A}.Release|Mixed Platforms.ActiveCfg = Release|Any CPU
		{DF1F2330-134C-4EC6-A97C-3011D3072F0A}.Release|Mixed Platforms.Build.0 = Release|Any CPU
		{DF1F2330-134C-4EC6-A97C-3011D3072F0A}.Release|x64.ActiveCfg = Release|Any CPU
		{DF1F2330-134C-4EC6-A97C-3011D3072F0A}.Release|x86.ActiveCfg = Release|Any CPU
		{DF1F2330-134C-4EC6-A97C-3011D3072F0A}.Release|x86.Build.0 = Release|Any CPU
		{DF1F2330-134C-4EC6-A97C-3011D3072F0A}.Release-Signed|Any CPU.ActiveCfg = Release|Any CPU
		{DF1F2330-134C-4EC6-A97C-3011D3072F0A}.Release-Signed|Any CPU.Build.0 = Release|Any CPU
		{DF1F2330-134C-4EC6-A97C-3011D3072F0A}.Release-Signed|Mixed Platforms.ActiveCfg = Release|Any CPU
		{DF1F2330-134C-4EC6-A97C-3011D3072F0A}.Release-Signed|Mixed Platforms.Build.0 = Release|Any CPU
		{DF1F2330-134C-4EC6-A97C-3011D3072F0A}.Release-Signed|x64.ActiveCfg = Release|Any CPU
		{DF1F2330-134C-4EC6-A97C-3011D3072F0A}.Release-Signed|x86.ActiveCfg = Release|Any CPU
		{DF1F2330-134C-4EC6-A97C-3011D3072F0A}.Release-Signed|x86.Build.0 = Release|Any CPU
		{546A9835-C8BC-4C43-A01C-C6603AF6674E}.Debug|Any CPU.ActiveCfg = Debug|Any CPU
		{546A9835-C8BC-4C43-A01C-C6603AF6674E}.Debug|Any CPU.Build.0 = Debug|Any CPU
		{546A9835-C8BC-4C43-A01C-C6603AF6674E}.Debug|Mixed Platforms.ActiveCfg = Debug|Any CPU
		{546A9835-C8BC-4C43-A01C-C6603AF6674E}.Debug|Mixed Platforms.Build.0 = Debug|Any CPU
		{546A9835-C8BC-4C43-A01C-C6603AF6674E}.Debug|x64.ActiveCfg = Debug|Any CPU
		{546A9835-C8BC-4C43-A01C-C6603AF6674E}.Debug|x86.ActiveCfg = Debug|Any CPU
		{546A9835-C8BC-4C43-A01C-C6603AF6674E}.Debug|x86.Build.0 = Debug|Any CPU
		{546A9835-C8BC-4C43-A01C-C6603AF6674E}.Documentation|Any CPU.ActiveCfg = Debug|Any CPU
		{546A9835-C8BC-4C43-A01C-C6603AF6674E}.Documentation|Any CPU.Build.0 = Debug|Any CPU
		{546A9835-C8BC-4C43-A01C-C6603AF6674E}.Documentation|Mixed Platforms.ActiveCfg = Debug|Any CPU
		{546A9835-C8BC-4C43-A01C-C6603AF6674E}.Documentation|Mixed Platforms.Build.0 = Debug|Any CPU
		{546A9835-C8BC-4C43-A01C-C6603AF6674E}.Documentation|x64.ActiveCfg = Debug|Any CPU
		{546A9835-C8BC-4C43-A01C-C6603AF6674E}.Documentation|x86.ActiveCfg = Debug|Any CPU
		{546A9835-C8BC-4C43-A01C-C6603AF6674E}.Documentation|x86.Build.0 = Debug|Any CPU
		{546A9835-C8BC-4C43-A01C-C6603AF6674E}.Nsis|Any CPU.ActiveCfg = Release|Any CPU
		{546A9835-C8BC-4C43-A01C-C6603AF6674E}.Nsis|Any CPU.Build.0 = Release|Any CPU
		{546A9835-C8BC-4C43-A01C-C6603AF6674E}.Nsis|Mixed Platforms.ActiveCfg = Release|Any CPU
		{546A9835-C8BC-4C43-A01C-C6603AF6674E}.Nsis|Mixed Platforms.Build.0 = Release|Any CPU
		{546A9835-C8BC-4C43-A01C-C6603AF6674E}.Nsis|x64.ActiveCfg = Release|Any CPU
		{546A9835-C8BC-4C43-A01C-C6603AF6674E}.Nsis|x86.ActiveCfg = Release|Any CPU
		{546A9835-C8BC-4C43-A01C-C6603AF6674E}.Nsis|x86.Build.0 = Release|Any CPU
		{546A9835-C8BC-4C43-A01C-C6603AF6674E}.Release|Any CPU.ActiveCfg = Release|Any CPU
		{546A9835-C8BC-4C43-A01C-C6603AF6674E}.Release|Any CPU.Build.0 = Release|Any CPU
		{546A9835-C8BC-4C43-A01C-C6603AF6674E}.Release|Mixed Platforms.ActiveCfg = Release|Any CPU
		{546A9835-C8BC-4C43-A01C-C6603AF6674E}.Release|Mixed Platforms.Build.0 = Release|Any CPU
		{546A9835-C8BC-4C43-A01C-C6603AF6674E}.Release|x64.ActiveCfg = Release|Any CPU
		{546A9835-C8BC-4C43-A01C-C6603AF6674E}.Release|x86.ActiveCfg = Release|Any CPU
		{546A9835-C8BC-4C43-A01C-C6603AF6674E}.Release|x86.Build.0 = Release|Any CPU
		{546A9835-C8BC-4C43-A01C-C6603AF6674E}.Release-Signed|Any CPU.ActiveCfg = Release|Any CPU
		{546A9835-C8BC-4C43-A01C-C6603AF6674E}.Release-Signed|Any CPU.Build.0 = Release|Any CPU
		{546A9835-C8BC-4C43-A01C-C6603AF6674E}.Release-Signed|Mixed Platforms.ActiveCfg = Release|Any CPU
		{546A9835-C8BC-4C43-A01C-C6603AF6674E}.Release-Signed|Mixed Platforms.Build.0 = Release|Any CPU
		{546A9835-C8BC-4C43-A01C-C6603AF6674E}.Release-Signed|x64.ActiveCfg = Release|Any CPU
		{546A9835-C8BC-4C43-A01C-C6603AF6674E}.Release-Signed|x86.ActiveCfg = Release|Any CPU
		{546A9835-C8BC-4C43-A01C-C6603AF6674E}.Release-Signed|x86.Build.0 = Release|Any CPU
		{6AF79162-C28E-4251-9DBB-5A37E58F33B4}.Debug|Any CPU.ActiveCfg = Debug|Any CPU
		{6AF79162-C28E-4251-9DBB-5A37E58F33B4}.Debug|Any CPU.Build.0 = Debug|Any CPU
		{6AF79162-C28E-4251-9DBB-5A37E58F33B4}.Debug|Mixed Platforms.ActiveCfg = Debug|Any CPU
		{6AF79162-C28E-4251-9DBB-5A37E58F33B4}.Debug|Mixed Platforms.Build.0 = Debug|Any CPU
		{6AF79162-C28E-4251-9DBB-5A37E58F33B4}.Debug|x64.ActiveCfg = Debug|Any CPU
		{6AF79162-C28E-4251-9DBB-5A37E58F33B4}.Debug|x86.ActiveCfg = Debug|Any CPU
		{6AF79162-C28E-4251-9DBB-5A37E58F33B4}.Debug|x86.Build.0 = Debug|Any CPU
		{6AF79162-C28E-4251-9DBB-5A37E58F33B4}.Documentation|Any CPU.ActiveCfg = Debug|Any CPU
		{6AF79162-C28E-4251-9DBB-5A37E58F33B4}.Documentation|Any CPU.Build.0 = Debug|Any CPU
		{6AF79162-C28E-4251-9DBB-5A37E58F33B4}.Documentation|Mixed Platforms.ActiveCfg = Debug|Any CPU
		{6AF79162-C28E-4251-9DBB-5A37E58F33B4}.Documentation|Mixed Platforms.Build.0 = Debug|Any CPU
		{6AF79162-C28E-4251-9DBB-5A37E58F33B4}.Documentation|x64.ActiveCfg = Debug|Any CPU
		{6AF79162-C28E-4251-9DBB-5A37E58F33B4}.Documentation|x86.ActiveCfg = Debug|Any CPU
		{6AF79162-C28E-4251-9DBB-5A37E58F33B4}.Documentation|x86.Build.0 = Debug|Any CPU
		{6AF79162-C28E-4251-9DBB-5A37E58F33B4}.Nsis|Any CPU.ActiveCfg = Release|Any CPU
		{6AF79162-C28E-4251-9DBB-5A37E58F33B4}.Nsis|Any CPU.Build.0 = Release|Any CPU
		{6AF79162-C28E-4251-9DBB-5A37E58F33B4}.Nsis|Mixed Platforms.ActiveCfg = Release|Any CPU
		{6AF79162-C28E-4251-9DBB-5A37E58F33B4}.Nsis|Mixed Platforms.Build.0 = Release|Any CPU
		{6AF79162-C28E-4251-9DBB-5A37E58F33B4}.Nsis|x64.ActiveCfg = Release|Any CPU
		{6AF79162-C28E-4251-9DBB-5A37E58F33B4}.Nsis|x86.ActiveCfg = Release|Any CPU
		{6AF79162-C28E-4251-9DBB-5A37E58F33B4}.Nsis|x86.Build.0 = Release|Any CPU
		{6AF79162-C28E-4251-9DBB-5A37E58F33B4}.Release|Any CPU.ActiveCfg = Release|Any CPU
		{6AF79162-C28E-4251-9DBB-5A37E58F33B4}.Release|Any CPU.Build.0 = Release|Any CPU
		{6AF79162-C28E-4251-9DBB-5A37E58F33B4}.Release|Mixed Platforms.ActiveCfg = Release|Any CPU
		{6AF79162-C28E-4251-9DBB-5A37E58F33B4}.Release|Mixed Platforms.Build.0 = Release|Any CPU
		{6AF79162-C28E-4251-9DBB-5A37E58F33B4}.Release|x64.ActiveCfg = Release|Any CPU
		{6AF79162-C28E-4251-9DBB-5A37E58F33B4}.Release|x86.ActiveCfg = Release|Any CPU
		{6AF79162-C28E-4251-9DBB-5A37E58F33B4}.Release|x86.Build.0 = Release|Any CPU
		{6AF79162-C28E-4251-9DBB-5A37E58F33B4}.Release-Signed|Any CPU.ActiveCfg = Release|Any CPU
		{6AF79162-C28E-4251-9DBB-5A37E58F33B4}.Release-Signed|Any CPU.Build.0 = Release|Any CPU
		{6AF79162-C28E-4251-9DBB-5A37E58F33B4}.Release-Signed|Mixed Platforms.ActiveCfg = Release|Any CPU
		{6AF79162-C28E-4251-9DBB-5A37E58F33B4}.Release-Signed|Mixed Platforms.Build.0 = Release|Any CPU
		{6AF79162-C28E-4251-9DBB-5A37E58F33B4}.Release-Signed|x64.ActiveCfg = Release|Any CPU
		{6AF79162-C28E-4251-9DBB-5A37E58F33B4}.Release-Signed|x86.ActiveCfg = Release|Any CPU
		{6AF79162-C28E-4251-9DBB-5A37E58F33B4}.Release-Signed|x86.Build.0 = Release|Any CPU
		{7A011760-0445-46F0-8409-D4F21672470A}.Debug|Any CPU.ActiveCfg = Debug|Any CPU
		{7A011760-0445-46F0-8409-D4F21672470A}.Debug|Any CPU.Build.0 = Debug|Any CPU
		{7A011760-0445-46F0-8409-D4F21672470A}.Debug|Mixed Platforms.ActiveCfg = Debug|Any CPU
		{7A011760-0445-46F0-8409-D4F21672470A}.Debug|Mixed Platforms.Build.0 = Debug|Any CPU
		{7A011760-0445-46F0-8409-D4F21672470A}.Debug|x64.ActiveCfg = Debug|Any CPU
		{7A011760-0445-46F0-8409-D4F21672470A}.Debug|x86.ActiveCfg = Debug|Any CPU
		{7A011760-0445-46F0-8409-D4F21672470A}.Debug|x86.Build.0 = Debug|Any CPU
		{7A011760-0445-46F0-8409-D4F21672470A}.Documentation|Any CPU.ActiveCfg = Debug|Any CPU
		{7A011760-0445-46F0-8409-D4F21672470A}.Documentation|Any CPU.Build.0 = Debug|Any CPU
		{7A011760-0445-46F0-8409-D4F21672470A}.Documentation|Mixed Platforms.ActiveCfg = Debug|Any CPU
		{7A011760-0445-46F0-8409-D4F21672470A}.Documentation|Mixed Platforms.Build.0 = Debug|Any CPU
		{7A011760-0445-46F0-8409-D4F21672470A}.Documentation|x64.ActiveCfg = Debug|Any CPU
		{7A011760-0445-46F0-8409-D4F21672470A}.Documentation|x86.ActiveCfg = Debug|Any CPU
		{7A011760-0445-46F0-8409-D4F21672470A}.Documentation|x86.Build.0 = Debug|Any CPU
		{7A011760-0445-46F0-8409-D4F21672470A}.Nsis|Any CPU.ActiveCfg = Release|Any CPU
		{7A011760-0445-46F0-8409-D4F21672470A}.Nsis|Any CPU.Build.0 = Release|Any CPU
		{7A011760-0445-46F0-8409-D4F21672470A}.Nsis|Mixed Platforms.ActiveCfg = Release|Any CPU
		{7A011760-0445-46F0-8409-D4F21672470A}.Nsis|Mixed Platforms.Build.0 = Release|Any CPU
		{7A011760-0445-46F0-8409-D4F21672470A}.Nsis|x64.ActiveCfg = Release|Any CPU
		{7A011760-0445-46F0-8409-D4F21672470A}.Nsis|x86.ActiveCfg = Release|Any CPU
		{7A011760-0445-46F0-8409-D4F21672470A}.Nsis|x86.Build.0 = Release|Any CPU
		{7A011760-0445-46F0-8409-D4F21672470A}.Release|Any CPU.ActiveCfg = Release|Any CPU
		{7A011760-0445-46F0-8409-D4F21672470A}.Release|Any CPU.Build.0 = Release|Any CPU
		{7A011760-0445-46F0-8409-D4F21672470A}.Release|Mixed Platforms.ActiveCfg = Release|Any CPU
		{7A011760-0445-46F0-8409-D4F21672470A}.Release|Mixed Platforms.Build.0 = Release|Any CPU
		{7A011760-0445-46F0-8409-D4F21672470A}.Release|x64.ActiveCfg = Release|Any CPU
		{7A011760-0445-46F0-8409-D4F21672470A}.Release|x86.ActiveCfg = Release|Any CPU
		{7A011760-0445-46F0-8409-D4F21672470A}.Release|x86.Build.0 = Release|Any CPU
		{7A011760-0445-46F0-8409-D4F21672470A}.Release-Signed|Any CPU.ActiveCfg = Release|Any CPU
		{7A011760-0445-46F0-8409-D4F21672470A}.Release-Signed|Any CPU.Build.0 = Release|Any CPU
		{7A011760-0445-46F0-8409-D4F21672470A}.Release-Signed|Mixed Platforms.ActiveCfg = Release|Any CPU
		{7A011760-0445-46F0-8409-D4F21672470A}.Release-Signed|Mixed Platforms.Build.0 = Release|Any CPU
		{7A011760-0445-46F0-8409-D4F21672470A}.Release-Signed|x64.ActiveCfg = Release|Any CPU
		{7A011760-0445-46F0-8409-D4F21672470A}.Release-Signed|x86.ActiveCfg = Release|Any CPU
		{7A011760-0445-46F0-8409-D4F21672470A}.Release-Signed|x86.Build.0 = Release|Any CPU
	EndGlobalSection
	GlobalSection(SolutionProperties) = preSolution
		HideSolutionNode = FALSE
	EndGlobalSection
	GlobalSection(NestedProjects) = preSolution
		{461EE471-3EA4-4C41-B824-F8A7E1A46367} = {8E6C2742-3B92-47D0-BCFA-6A29B9EC0A68}
		{CDCB9CD9-EBD7-4888-9BB4-BD0159B97119} = {E0C97BA1-2DA8-4379-9B83-7926ADAA42EF}
		{DF1F2330-134C-4EC6-A97C-3011D3072F0A} = {B3A3FB4A-6D59-4D16-940F-E3D1B6F56A48}
		{546A9835-C8BC-4C43-A01C-C6603AF6674E} = {B3A3FB4A-6D59-4D16-940F-E3D1B6F56A48}
		{96239FE9-353E-494A-8A9A-DD31CC652952} = {B3A3FB4A-6D59-4D16-940F-E3D1B6F56A48}
		{6AF79162-C28E-4251-9DBB-5A37E58F33B4} = {B3A3FB4A-6D59-4D16-940F-E3D1B6F56A48}
		{7A011760-0445-46F0-8409-D4F21672470A} = {B3A3FB4A-6D59-4D16-940F-E3D1B6F56A48}
	EndGlobalSection
	GlobalSection(ExtensibilityGlobals) = postSolution
		SolutionGuid = {A77CC312-BCC5-42E4-8DDA-531CCD77A925}
	EndGlobalSection
	GlobalSection(TestCaseManagementSettings) = postSolution
		CategoryFile = OpenGL.vsmdi
	EndGlobalSection
	GlobalSection(TestCaseManagementSettings) = postSolution
		CategoryFile = OpenGL.vsmdi
	EndGlobalSection
EndGlobal
